
Microsoft Visual Studio Solution File, Format Version 12.00
# Visual Studio Version 16
VisualStudioVersion = 16.0.30523.141
MinimumVisualStudioVersion = 10.0.40219.1
Project("{FAE04EC0-301F-11D3-BF4B-00C04F79EFBC}") = "ContactManager", "ContactManager\ContactManager.csproj", "{B3C820C9-1D5B-4DB0-8A68-6431768EE064}"
EndProject
Global
	GlobalSection(SolutionConfigurationPlatforms) = preSolution
		Debug|Any CPU = Debug|Any CPU
		Release|Any CPU = Release|Any CPU
	EndGlobalSection
	GlobalSection(ProjectConfigurationPlatforms) = postSolution
		{B3C820C9-1D5B-4DB0-8A68-6431768EE064}.Debug|Any CPU.ActiveCfg = Debug|Any CPU
		{B3C820C9-1D5B-4DB0-8A68-6431768EE064}.Debug|Any CPU.Build.0 = Debug|Any CPU
		{B3C820C9-1D5B-4DB0-8A68-6431768EE064}.Release|Any CPU.ActiveCfg = Release|Any CPU
		{B3C820C9-1D5B-4DB0-8A68-6431768EE064}.Release|Any CPU.Build.0 = Release|Any CPU
	EndGlobalSection
	GlobalSection(SolutionProperties) = preSolution
		HideSolutionNode = FALSE
	EndGlobalSection
	GlobalSection(ExtensibilityGlobals) = postSolution
		SolutionGuid = {1C9CCDD4-5B45-45C3-8C09-59F8C7C2BC21}
	EndGlobalSection
EndGlobal
